
Microsoft Visual Studio Solution File, Format Version 12.00
# Visual Studio 15
VisualStudioVersion = 15.0.28307.489
MinimumVisualStudioVersion = 10.0.40219.1
Project("{888888A0-9F3D-457C-B088-3A5042F75D52}") = "JSON_rec", "JSON_rec\JSON_rec.pyproj", "{221A3E8A-182D-4394-B6EA-D3FF9B9B1881}"
EndProject
Global
	GlobalSection(SolutionConfigurationPlatforms) = preSolution
		Debug|Any CPU = Debug|Any CPU
		Release|Any CPU = Release|Any CPU
	EndGlobalSection
	GlobalSection(ProjectConfigurationPlatforms) = postSolution
		{221A3E8A-182D-4394-B6EA-D3FF9B9B1881}.Debug|Any CPU.ActiveCfg = Debug|Any CPU
		{221A3E8A-182D-4394-B6EA-D3FF9B9B1881}.Release|Any CPU.ActiveCfg = Release|Any CPU
	EndGlobalSection
	GlobalSection(SolutionProperties) = preSolution
		HideSolutionNode = FALSE
	EndGlobalSection
	GlobalSection(ExtensibilityGlobals) = postSolution
		SolutionGuid = {1895AA5E-3A1E-4A36-93B6-A4ACC6223232}
	EndGlobalSection
EndGlobal
